
Microsoft Visual Studio Solution File, Format Version 12.00
# Visual Studio Version 16
VisualStudioVersion = 16.0.28803.156
MinimumVisualStudioVersion = 10.0.40219.1
Project("{FAE04EC0-301F-11D3-BF4B-00C04F79EFBC}") = "CalcularPulsaciones", "CalcularPulsaciones\CalcularPulsaciones.csproj", "{EB5343B7-673C-40B5-AB88-0D2E49DD9373}"
EndProject
Project("{FAE04EC0-301F-11D3-BF4B-00C04F79EFBC}") = "BLL", "BLL\BLL.csproj", "{C09FA057-1BA6-4B3A-A8F0-60FF8268D024}"
EndProject
Project("{FAE04EC0-301F-11D3-BF4B-00C04F79EFBC}") = "DAL", "DAL\DAL.csproj", "{5BC9CEC9-788E-42B0-A595-40EA2B9D7C9D}"
EndProject
Project("{FAE04EC0-301F-11D3-BF4B-00C04F79EFBC}") = "ENTITY", "ENTTY\ENTITY.csproj", "{6F6118E5-418F-4794-9644-F1CAAD133565}"
EndProject
Project("{FAE04EC0-301F-11D3-BF4B-00C04F79EFBC}") = "PulsacionesGUI", "PulsacionesGUI\PulsacionesGUI.csproj", "{173D7FBF-CFBF-4B5D-8203-F1F325440497}"
EndProject
Global
	GlobalSection(SolutionConfigurationPlatforms) = preSolution
		Debug|Any CPU = Debug|Any CPU
		Release|Any CPU = Release|Any CPU
	EndGlobalSection
	GlobalSection(ProjectConfigurationPlatforms) = postSolution
		{EB5343B7-673C-40B5-AB88-0D2E49DD9373}.Debug|Any CPU.ActiveCfg = Debug|Any CPU
		{EB5343B7-673C-40B5-AB88-0D2E49DD9373}.Debug|Any CPU.Build.0 = Debug|Any CPU
		{EB5343B7-673C-40B5-AB88-0D2E49DD9373}.Release|Any CPU.ActiveCfg = Release|Any CPU
		{EB5343B7-673C-40B5-AB88-0D2E49DD9373}.Release|Any CPU.Build.0 = Release|Any CPU
		{C09FA057-1BA6-4B3A-A8F0-60FF8268D024}.Debug|Any CPU.ActiveCfg = Debug|Any CPU
		{C09FA057-1BA6-4B3A-A8F0-60FF8268D024}.Debug|Any CPU.Build.0 = Debug|Any CPU
		{C09FA057-1BA6-4B3A-A8F0-60FF8268D024}.Release|Any CPU.ActiveCfg = Release|Any CPU
		{C09FA057-1BA6-4B3A-A8F0-60FF8268D024}.Release|Any CPU.Build.0 = Release|Any CPU
		{5BC9CEC9-788E-42B0-A595-40EA2B9D7C9D}.Debug|Any CPU.ActiveCfg = Debug|Any CPU
		{5BC9CEC9-788E-42B0-A595-40EA2B9D7C9D}.Debug|Any CPU.Build.0 = Debug|Any CPU
		{5BC9CEC9-788E-42B0-A595-40EA2B9D7C9D}.Release|Any CPU.ActiveCfg = Release|Any CPU
		{5BC9CEC9-788E-42B0-A595-40EA2B9D7C9D}.Release|Any CPU.Build.0 = Release|Any CPU
		{6F6118E5-418F-4794-9644-F1CAAD133565}.Debug|Any CPU.ActiveCfg = Debug|Any CPU
		{6F6118E5-418F-4794-9644-F1CAAD133565}.Debug|Any CPU.Build.0 = Debug|Any CPU
		{6F6118E5-418F-4794-9644-F1CAAD133565}.Release|Any CPU.ActiveCfg = Release|Any CPU
		{6F6118E5-418F-4794-9644-F1CAAD133565}.Release|Any CPU.Build.0 = Release|Any CPU
		{173D7FBF-CFBF-4B5D-8203-F1F325440497}.Debug|Any CPU.ActiveCfg = Debug|Any CPU
		{173D7FBF-CFBF-4B5D-8203-F1F325440497}.Debug|Any CPU.Build.0 = Debug|Any CPU
		{173D7FBF-CFBF-4B5D-8203-F1F325440497}.Release|Any CPU.ActiveCfg = Release|Any CPU
		{173D7FBF-CFBF-4B5D-8203-F1F325440497}.Release|Any CPU.Build.0 = Release|Any CPU
	EndGlobalSection
	GlobalSection(SolutionProperties) = preSolution
		HideSolutionNode = FALSE
	EndGlobalSection
	GlobalSection(ExtensibilityGlobals) = postSolution
		SolutionGuid = {FFA8719C-7607-45A5-9409-6BC76FFDAA4B}
	EndGlobalSection
EndGlobal
